
Microsoft Visual Studio Solution File, Format Version 12.00
# Visual Studio Version 17
VisualStudioVersion = 17.4.33213.308
MinimumVisualStudioVersion = 10.0.40219.1
Project("{9A19103F-16F7-4668-BE54-9A1E7A4F7556}") = "Cargo.API", "Services\Cargo\Cargo.API\Cargo.API.csproj", "{BB7B8A81-FAA5-434A-B14A-F4C4CA859F78}"
EndProject
Project("{2150E333-8FDC-42A3-9474-1A3956D46DE8}") = "src", "src", "{A2AE8225-48EA-4EDD-96F9-EEAD8208BF2E}"
EndProject
Project("{2150E333-8FDC-42A3-9474-1A3956D46DE8}") = "Services", "Services", "{CA0C1939-1688-4E1A-BE27-5B627CD9D7EE}"
EndProject
Project("{2150E333-8FDC-42A3-9474-1A3956D46DE8}") = "Cargo", "Cargo", "{E44760B8-2ACF-4AB8-9355-7035DCDB999D}"
EndProject
Project("{2150E333-8FDC-42A3-9474-1A3956D46DE8}") = "Transportation", "Transportation", "{D6100462-4AF7-4EBD-B57B-BBE07E3EAD00}"
EndProject
Project("{9A19103F-16F7-4668-BE54-9A1E7A4F7556}") = "Cargo.Application", "Services\Cargo\Cargo.Application\Cargo.Application.csproj", "{4255F631-D61B-4276-AF61-2750AE8F395D}"
EndProject
Project("{9A19103F-16F7-4668-BE54-9A1E7A4F7556}") = "Cargo.Domain", "Services\Cargo\Cargo.Domain\Cargo.Domain.csproj", "{7021E3D1-8978-4AD3-9FEA-A6C961E79A11}"
EndProject
Project("{9A19103F-16F7-4668-BE54-9A1E7A4F7556}") = "Cargo.Infrastructure", "Services\Cargo\Cargo.Infrastructure\Cargo.Infrastructure.csproj", "{A500C2CF-1B17-470E-982E-2AC1E53A4BE0}"
EndProject
Project("{2150E333-8FDC-42A3-9474-1A3956D46DE8}") = "Routing", "Routing", "{0FA31CFC-2423-4FF4-ABF0-008DE4DBFC46}"
EndProject
Project("{9A19103F-16F7-4668-BE54-9A1E7A4F7556}") = "Routing.API", "Services\Routing\Routing.API\Routing.API.csproj", "{BABB25CA-B488-4D62-ADB8-B72F8EBC7EF8}"
EndProject
Project("{9A19103F-16F7-4668-BE54-9A1E7A4F7556}") = "Cargo.UnitTests", "Services\Cargo\Cargo.UnitTests\Cargo.UnitTests.csproj", "{5F735769-8F76-4D42-886F-B2D12F873478}"
EndProject
Project("{9A19103F-16F7-4668-BE54-9A1E7A4F7556}") = "Transportation.API", "Services\Transportation\Transport.API\Transport.API\Transportation.API.csproj", "{86EA4E53-6462-431E-8CF6-8F685E090EEC}"
EndProject
Project("{2150E333-8FDC-42A3-9474-1A3956D46DE8}") = "Web", "Web", "{B0266F34-EBED-4456-B1C8-19729125C524}"
EndProject
Project("{9A19103F-16F7-4668-BE54-9A1E7A4F7556}") = "WebMVC", "Services\Web\WebMVC\WebMVC.csproj", "{0B794C37-85DF-49C6-8D28-9230A35536CD}"
EndProject
Project("{9A19103F-16F7-4668-BE54-9A1E7A4F7556}") = "Routing.UnitTests", "Services\Routing\Routing.UnitTests\Routing.UnitTests.csproj", "{729B6C12-D7E6-480C-9FB8-43EA78FE9A48}"
EndProject
Project("{9A19103F-16F7-4668-BE54-9A1E7A4F7556}") = "Transportation.UnitTests", "Services\Transportation\Transportation.UnitTests\Transportation.UnitTests.csproj", "{10A7C6F8-6682-4480-83DA-49B7ECA0C73E}"
EndProject
Project("{2150E333-8FDC-42A3-9474-1A3956D46DE8}") = "ApiGateway", "ApiGateway", "{B9A83A24-AC48-4950-952D-75C484B9DF74}"
EndProject
Project("{9A19103F-16F7-4668-BE54-9A1E7A4F7556}") = "ApiGateway", "ApiGateway\ApiGateway\ApiGateway.csproj", "{70EE2C60-8049-4D6E-9EE3-FDFD5C35ABFC}"
EndProject
Project("{E53339B2-1760-4266-BCC7-CA923CBCF16C}") = "docker-compose", "docker-compose.dcproj", "{2F3BE13C-342E-423C-A31D-6B1612ABCB17}"
EndProject
Global
	GlobalSection(SolutionConfigurationPlatforms) = preSolution
		Debug|Any CPU = Debug|Any CPU
		Release|Any CPU = Release|Any CPU
	EndGlobalSection
	GlobalSection(ProjectConfigurationPlatforms) = postSolution
		{BB7B8A81-FAA5-434A-B14A-F4C4CA859F78}.Debug|Any CPU.ActiveCfg = Debug|Any CPU
		{BB7B8A81-FAA5-434A-B14A-F4C4CA859F78}.Debug|Any CPU.Build.0 = Debug|Any CPU
		{BB7B8A81-FAA5-434A-B14A-F4C4CA859F78}.Release|Any CPU.ActiveCfg = Release|Any CPU
		{BB7B8A81-FAA5-434A-B14A-F4C4CA859F78}.Release|Any CPU.Build.0 = Release|Any CPU
		{4255F631-D61B-4276-AF61-2750AE8F395D}.Debug|Any CPU.ActiveCfg = Debug|Any CPU
		{4255F631-D61B-4276-AF61-2750AE8F395D}.Debug|Any CPU.Build.0 = Debug|Any CPU
		{4255F631-D61B-4276-AF61-2750AE8F395D}.Release|Any CPU.ActiveCfg = Release|Any CPU
		{4255F631-D61B-4276-AF61-2750AE8F395D}.Release|Any CPU.Build.0 = Release|Any CPU
		{7021E3D1-8978-4AD3-9FEA-A6C961E79A11}.Debug|Any CPU.ActiveCfg = Debug|Any CPU
		{7021E3D1-8978-4AD3-9FEA-A6C961E79A11}.Debug|Any CPU.Build.0 = Debug|Any CPU
		{7021E3D1-8978-4AD3-9FEA-A6C961E79A11}.Release|Any CPU.ActiveCfg = Release|Any CPU
		{7021E3D1-8978-4AD3-9FEA-A6C961E79A11}.Release|Any CPU.Build.0 = Release|Any CPU
		{A500C2CF-1B17-470E-982E-2AC1E53A4BE0}.Debug|Any CPU.ActiveCfg = Debug|Any CPU
		{A500C2CF-1B17-470E-982E-2AC1E53A4BE0}.Debug|Any CPU.Build.0 = Debug|Any CPU
		{A500C2CF-1B17-470E-982E-2AC1E53A4BE0}.Release|Any CPU.ActiveCfg = Release|Any CPU
		{A500C2CF-1B17-470E-982E-2AC1E53A4BE0}.Release|Any CPU.Build.0 = Release|Any CPU
		{BABB25CA-B488-4D62-ADB8-B72F8EBC7EF8}.Debug|Any CPU.ActiveCfg = Debug|Any CPU
		{BABB25CA-B488-4D62-ADB8-B72F8EBC7EF8}.Debug|Any CPU.Build.0 = Debug|Any CPU
		{BABB25CA-B488-4D62-ADB8-B72F8EBC7EF8}.Release|Any CPU.ActiveCfg = Release|Any CPU
		{BABB25CA-B488-4D62-ADB8-B72F8EBC7EF8}.Release|Any CPU.Build.0 = Release|Any CPU
		{5F735769-8F76-4D42-886F-B2D12F873478}.Debug|Any CPU.ActiveCfg = Debug|Any CPU
		{5F735769-8F76-4D42-886F-B2D12F873478}.Debug|Any CPU.Build.0 = Debug|Any CPU
		{5F735769-8F76-4D42-886F-B2D12F873478}.Release|Any CPU.ActiveCfg = Release|Any CPU
		{5F735769-8F76-4D42-886F-B2D12F873478}.Release|Any CPU.Build.0 = Release|Any CPU
		{86EA4E53-6462-431E-8CF6-8F685E090EEC}.Debug|Any CPU.ActiveCfg = Debug|Any CPU
		{86EA4E53-6462-431E-8CF6-8F685E090EEC}.Debug|Any CPU.Build.0 = Debug|Any CPU
		{86EA4E53-6462-431E-8CF6-8F685E090EEC}.Release|Any CPU.ActiveCfg = Release|Any CPU
		{86EA4E53-6462-431E-8CF6-8F685E090EEC}.Release|Any CPU.Build.0 = Release|Any CPU
		{0B794C37-85DF-49C6-8D28-9230A35536CD}.Debug|Any CPU.ActiveCfg = Debug|Any CPU
		{0B794C37-85DF-49C6-8D28-9230A35536CD}.Debug|Any CPU.Build.0 = Debug|Any CPU
		{0B794C37-85DF-49C6-8D28-9230A35536CD}.Release|Any CPU.ActiveCfg = Release|Any CPU
		{0B794C37-85DF-49C6-8D28-9230A35536CD}.Release|Any CPU.Build.0 = Release|Any CPU
		{729B6C12-D7E6-480C-9FB8-43EA78FE9A48}.Debug|Any CPU.ActiveCfg = Debug|Any CPU
		{729B6C12-D7E6-480C-9FB8-43EA78FE9A48}.Debug|Any CPU.Build.0 = Debug|Any CPU
		{729B6C12-D7E6-480C-9FB8-43EA78FE9A48}.Release|Any CPU.ActiveCfg = Release|Any CPU
		{729B6C12-D7E6-480C-9FB8-43EA78FE9A48}.Release|Any CPU.Build.0 = Release|Any CPU
		{10A7C6F8-6682-4480-83DA-49B7ECA0C73E}.Debug|Any CPU.ActiveCfg = Debug|Any CPU
		{10A7C6F8-6682-4480-83DA-49B7ECA0C73E}.Debug|Any CPU.Build.0 = Debug|Any CPU
		{10A7C6F8-6682-4480-83DA-49B7ECA0C73E}.Release|Any CPU.ActiveCfg = Release|Any CPU
		{10A7C6F8-6682-4480-83DA-49B7ECA0C73E}.Release|Any CPU.Build.0 = Release|Any CPU
		{70EE2C60-8049-4D6E-9EE3-FDFD5C35ABFC}.Debug|Any CPU.ActiveCfg = Debug|Any CPU
		{70EE2C60-8049-4D6E-9EE3-FDFD5C35ABFC}.Debug|Any CPU.Build.0 = Debug|Any CPU
		{70EE2C60-8049-4D6E-9EE3-FDFD5C35ABFC}.Release|Any CPU.ActiveCfg = Release|Any CPU
		{70EE2C60-8049-4D6E-9EE3-FDFD5C35ABFC}.Release|Any CPU.Build.0 = Release|Any CPU
		{2F3BE13C-342E-423C-A31D-6B1612ABCB17}.Debug|Any CPU.ActiveCfg = Debug|Any CPU
		{2F3BE13C-342E-423C-A31D-6B1612ABCB17}.Debug|Any CPU.Build.0 = Debug|Any CPU
		{2F3BE13C-342E-423C-A31D-6B1612ABCB17}.Release|Any CPU.ActiveCfg = Release|Any CPU
		{2F3BE13C-342E-423C-A31D-6B1612ABCB17}.Release|Any CPU.Build.0 = Release|Any CPU
	EndGlobalSection
	GlobalSection(SolutionProperties) = preSolution
		HideSolutionNode = FALSE
	EndGlobalSection
	GlobalSection(NestedProjects) = preSolution
		{BB7B8A81-FAA5-434A-B14A-F4C4CA859F78} = {E44760B8-2ACF-4AB8-9355-7035DCDB999D}
		{CA0C1939-1688-4E1A-BE27-5B627CD9D7EE} = {A2AE8225-48EA-4EDD-96F9-EEAD8208BF2E}
		{E44760B8-2ACF-4AB8-9355-7035DCDB999D} = {CA0C1939-1688-4E1A-BE27-5B627CD9D7EE}
		{D6100462-4AF7-4EBD-B57B-BBE07E3EAD00} = {CA0C1939-1688-4E1A-BE27-5B627CD9D7EE}
		{4255F631-D61B-4276-AF61-2750AE8F395D} = {E44760B8-2ACF-4AB8-9355-7035DCDB999D}
		{7021E3D1-8978-4AD3-9FEA-A6C961E79A11} = {E44760B8-2ACF-4AB8-9355-7035DCDB999D}
		{A500C2CF-1B17-470E-982E-2AC1E53A4BE0} = {E44760B8-2ACF-4AB8-9355-7035DCDB999D}
		{0FA31CFC-2423-4FF4-ABF0-008DE4DBFC46} = {CA0C1939-1688-4E1A-BE27-5B627CD9D7EE}
		{BABB25CA-B488-4D62-ADB8-B72F8EBC7EF8} = {0FA31CFC-2423-4FF4-ABF0-008DE4DBFC46}
		{5F735769-8F76-4D42-886F-B2D12F873478} = {E44760B8-2ACF-4AB8-9355-7035DCDB999D}
		{86EA4E53-6462-431E-8CF6-8F685E090EEC} = {D6100462-4AF7-4EBD-B57B-BBE07E3EAD00}
		{B0266F34-EBED-4456-B1C8-19729125C524} = {CA0C1939-1688-4E1A-BE27-5B627CD9D7EE}
		{0B794C37-85DF-49C6-8D28-9230A35536CD} = {B0266F34-EBED-4456-B1C8-19729125C524}
		{729B6C12-D7E6-480C-9FB8-43EA78FE9A48} = {0FA31CFC-2423-4FF4-ABF0-008DE4DBFC46}
		{10A7C6F8-6682-4480-83DA-49B7ECA0C73E} = {D6100462-4AF7-4EBD-B57B-BBE07E3EAD00}
		{B9A83A24-AC48-4950-952D-75C484B9DF74} = {A2AE8225-48EA-4EDD-96F9-EEAD8208BF2E}
		{70EE2C60-8049-4D6E-9EE3-FDFD5C35ABFC} = {B9A83A24-AC48-4950-952D-75C484B9DF74}
	EndGlobalSection
	GlobalSection(ExtensibilityGlobals) = postSolution
		SolutionGuid = {A39CD281-2E81-4A6A-9AF6-192A14D1C7C2}
	EndGlobalSection
EndGlobal
