
Microsoft Visual Studio Solution File, Format Version 12.00
# Visual Studio Version 17
VisualStudioVersion = 17.4.33213.308
MinimumVisualStudioVersion = 10.0.40219.1
Project("{9A19103F-16F7-4668-BE54-9A1E7A4F7556}") = "Cargo.API", "Services\Cargo\Cargo.API\Cargo.API.csproj", "{BB7B8A81-FAA5-434A-B14A-F4C4CA859F78}"
EndProject
Project("{2150E333-8FDC-42A3-9474-1A3956D46DE8}") = "src", "src", "{A2AE8225-48EA-4EDD-96F9-EEAD8208BF2E}"
EndProject
Project("{2150E333-8FDC-42A3-9474-1A3956D46DE8}") = "Services", "Services", "{CA0C1939-1688-4E1A-BE27-5B627CD9D7EE}"
EndProject
Project("{2150E333-8FDC-42A3-9474-1A3956D46DE8}") = "CargoObject", "CargoObject", "{E44760B8-2ACF-4AB8-9355-7035DCDB999D}"
EndProject
Project("{2150E333-8FDC-42A3-9474-1A3956D46DE8}") = "Transportation", "Transportation", "{D6100462-4AF7-4EBD-B57B-BBE07E3EAD00}"
EndProject
Project("{9A19103F-16F7-4668-BE54-9A1E7A4F7556}") = "Cargo.Application", "Services\Cargo\Cargo.Application\Cargo.Application.csproj", "{4255F631-D61B-4276-AF61-2750AE8F395D}"
EndProject
Project("{9A19103F-16F7-4668-BE54-9A1E7A4F7556}") = "Cargo.Domain", "Services\Cargo\Cargo.Domain\Cargo.Domain.csproj", "{7021E3D1-8978-4AD3-9FEA-A6C961E79A11}"
EndProject
Project("{9A19103F-16F7-4668-BE54-9A1E7A4F7556}") = "Transport.Application", "Services\Transportation\Transport.Application\Transport.Application.csproj", "{C8071AAC-1947-4F2F-8F33-BA0F66C0580F}"
EndProject
Project("{9A19103F-16F7-4668-BE54-9A1E7A4F7556}") = "Transport.Domain", "Services\Transportation\Transport.Domain\Transport.Domain.csproj", "{068BAEA8-1488-4EC3-BEC1-4B110FDF566A}"
EndProject
Project("{9A19103F-16F7-4668-BE54-9A1E7A4F7556}") = "Transport.Infrastructure", "Services\Transportation\Transport.Infrastructure\Transport.Infrastructure.csproj", "{8C99747F-541A-4903-BB32-1A81B255756B}"
EndProject
Project("{9A19103F-16F7-4668-BE54-9A1E7A4F7556}") = "Cargo.Infrastructure", "Services\Cargo\Cargo.Infrastructure\Cargo.Infrastructure.csproj", "{A500C2CF-1B17-470E-982E-2AC1E53A4BE0}"
EndProject
Project("{2150E333-8FDC-42A3-9474-1A3956D46DE8}") = "Routing", "Routing", "{0FA31CFC-2423-4FF4-ABF0-008DE4DBFC46}"
EndProject
Project("{9A19103F-16F7-4668-BE54-9A1E7A4F7556}") = "Routing.API", "Services\Routing\Routing.API\Routing.API.csproj", "{BABB25CA-B488-4D62-ADB8-B72F8EBC7EF8}"
EndProject
Project("{9A19103F-16F7-4668-BE54-9A1E7A4F7556}") = "Routing.Application", "Services\Routing\Routing.Application\Routing.Application.csproj", "{071B2A6D-DE1B-41F6-947A-38D227319DFA}"
EndProject
Project("{9A19103F-16F7-4668-BE54-9A1E7A4F7556}") = "Routing.Domain", "Services\Routing\Routing.Domain\Routing.Domain.csproj", "{B8BFAADC-6687-435F-8459-DEE88D05D0B2}"
EndProject
Project("{9A19103F-16F7-4668-BE54-9A1E7A4F7556}") = "Routing.Infrastructure", "Services\Routing\Routing.Infrastructure\Routing.Infrastructure.csproj", "{53CA4064-FD12-40A4-9324-120CA78CF940}"
EndProject
Project("{9A19103F-16F7-4668-BE54-9A1E7A4F7556}") = "Cargo.UnitTests", "Services\Cargo\Cargo.UnitTests\Cargo.UnitTests.csproj", "{5F735769-8F76-4D42-886F-B2D12F873478}"
EndProject
Project("{FAE04EC0-301F-11D3-BF4B-00C04F79EFBC}") = "Transport.API", "Services\Transportation\Transport.API\Transport.API\Transport.API.csproj", "{86EA4E53-6462-431E-8CF6-8F685E090EEC}"
EndProject
Global
	GlobalSection(SolutionConfigurationPlatforms) = preSolution
		Debug|Any CPU = Debug|Any CPU
		Release|Any CPU = Release|Any CPU
	EndGlobalSection
	GlobalSection(ProjectConfigurationPlatforms) = postSolution
		{BB7B8A81-FAA5-434A-B14A-F4C4CA859F78}.Debug|Any CPU.ActiveCfg = Debug|Any CPU
		{BB7B8A81-FAA5-434A-B14A-F4C4CA859F78}.Debug|Any CPU.Build.0 = Debug|Any CPU
		{BB7B8A81-FAA5-434A-B14A-F4C4CA859F78}.Release|Any CPU.ActiveCfg = Release|Any CPU
		{BB7B8A81-FAA5-434A-B14A-F4C4CA859F78}.Release|Any CPU.Build.0 = Release|Any CPU
		{4255F631-D61B-4276-AF61-2750AE8F395D}.Debug|Any CPU.ActiveCfg = Debug|Any CPU
		{4255F631-D61B-4276-AF61-2750AE8F395D}.Debug|Any CPU.Build.0 = Debug|Any CPU
		{4255F631-D61B-4276-AF61-2750AE8F395D}.Release|Any CPU.ActiveCfg = Release|Any CPU
		{4255F631-D61B-4276-AF61-2750AE8F395D}.Release|Any CPU.Build.0 = Release|Any CPU
		{7021E3D1-8978-4AD3-9FEA-A6C961E79A11}.Debug|Any CPU.ActiveCfg = Debug|Any CPU
		{7021E3D1-8978-4AD3-9FEA-A6C961E79A11}.Debug|Any CPU.Build.0 = Debug|Any CPU
		{7021E3D1-8978-4AD3-9FEA-A6C961E79A11}.Release|Any CPU.ActiveCfg = Release|Any CPU
		{7021E3D1-8978-4AD3-9FEA-A6C961E79A11}.Release|Any CPU.Build.0 = Release|Any CPU
		{C8071AAC-1947-4F2F-8F33-BA0F66C0580F}.Debug|Any CPU.ActiveCfg = Debug|Any CPU
		{C8071AAC-1947-4F2F-8F33-BA0F66C0580F}.Debug|Any CPU.Build.0 = Debug|Any CPU
		{C8071AAC-1947-4F2F-8F33-BA0F66C0580F}.Release|Any CPU.ActiveCfg = Release|Any CPU
		{C8071AAC-1947-4F2F-8F33-BA0F66C0580F}.Release|Any CPU.Build.0 = Release|Any CPU
		{068BAEA8-1488-4EC3-BEC1-4B110FDF566A}.Debug|Any CPU.ActiveCfg = Debug|Any CPU
		{068BAEA8-1488-4EC3-BEC1-4B110FDF566A}.Debug|Any CPU.Build.0 = Debug|Any CPU
		{068BAEA8-1488-4EC3-BEC1-4B110FDF566A}.Release|Any CPU.ActiveCfg = Release|Any CPU
		{068BAEA8-1488-4EC3-BEC1-4B110FDF566A}.Release|Any CPU.Build.0 = Release|Any CPU
		{8C99747F-541A-4903-BB32-1A81B255756B}.Debug|Any CPU.ActiveCfg = Debug|Any CPU
		{8C99747F-541A-4903-BB32-1A81B255756B}.Debug|Any CPU.Build.0 = Debug|Any CPU
		{8C99747F-541A-4903-BB32-1A81B255756B}.Release|Any CPU.ActiveCfg = Release|Any CPU
		{8C99747F-541A-4903-BB32-1A81B255756B}.Release|Any CPU.Build.0 = Release|Any CPU
		{A500C2CF-1B17-470E-982E-2AC1E53A4BE0}.Debug|Any CPU.ActiveCfg = Debug|Any CPU
		{A500C2CF-1B17-470E-982E-2AC1E53A4BE0}.Debug|Any CPU.Build.0 = Debug|Any CPU
		{A500C2CF-1B17-470E-982E-2AC1E53A4BE0}.Release|Any CPU.ActiveCfg = Release|Any CPU
		{A500C2CF-1B17-470E-982E-2AC1E53A4BE0}.Release|Any CPU.Build.0 = Release|Any CPU
		{BABB25CA-B488-4D62-ADB8-B72F8EBC7EF8}.Debug|Any CPU.ActiveCfg = Debug|Any CPU
		{BABB25CA-B488-4D62-ADB8-B72F8EBC7EF8}.Debug|Any CPU.Build.0 = Debug|Any CPU
		{BABB25CA-B488-4D62-ADB8-B72F8EBC7EF8}.Release|Any CPU.ActiveCfg = Release|Any CPU
		{BABB25CA-B488-4D62-ADB8-B72F8EBC7EF8}.Release|Any CPU.Build.0 = Release|Any CPU
		{071B2A6D-DE1B-41F6-947A-38D227319DFA}.Debug|Any CPU.ActiveCfg = Debug|Any CPU
		{071B2A6D-DE1B-41F6-947A-38D227319DFA}.Debug|Any CPU.Build.0 = Debug|Any CPU
		{071B2A6D-DE1B-41F6-947A-38D227319DFA}.Release|Any CPU.ActiveCfg = Release|Any CPU
		{071B2A6D-DE1B-41F6-947A-38D227319DFA}.Release|Any CPU.Build.0 = Release|Any CPU
		{B8BFAADC-6687-435F-8459-DEE88D05D0B2}.Debug|Any CPU.ActiveCfg = Debug|Any CPU
		{B8BFAADC-6687-435F-8459-DEE88D05D0B2}.Debug|Any CPU.Build.0 = Debug|Any CPU
		{B8BFAADC-6687-435F-8459-DEE88D05D0B2}.Release|Any CPU.ActiveCfg = Release|Any CPU
		{B8BFAADC-6687-435F-8459-DEE88D05D0B2}.Release|Any CPU.Build.0 = Release|Any CPU
		{53CA4064-FD12-40A4-9324-120CA78CF940}.Debug|Any CPU.ActiveCfg = Debug|Any CPU
		{53CA4064-FD12-40A4-9324-120CA78CF940}.Debug|Any CPU.Build.0 = Debug|Any CPU
		{53CA4064-FD12-40A4-9324-120CA78CF940}.Release|Any CPU.ActiveCfg = Release|Any CPU
		{53CA4064-FD12-40A4-9324-120CA78CF940}.Release|Any CPU.Build.0 = Release|Any CPU
		{5F735769-8F76-4D42-886F-B2D12F873478}.Debug|Any CPU.ActiveCfg = Debug|Any CPU
		{5F735769-8F76-4D42-886F-B2D12F873478}.Debug|Any CPU.Build.0 = Debug|Any CPU
		{5F735769-8F76-4D42-886F-B2D12F873478}.Release|Any CPU.ActiveCfg = Release|Any CPU
		{5F735769-8F76-4D42-886F-B2D12F873478}.Release|Any CPU.Build.0 = Release|Any CPU
		{86EA4E53-6462-431E-8CF6-8F685E090EEC}.Debug|Any CPU.ActiveCfg = Debug|Any CPU
		{86EA4E53-6462-431E-8CF6-8F685E090EEC}.Debug|Any CPU.Build.0 = Debug|Any CPU
		{86EA4E53-6462-431E-8CF6-8F685E090EEC}.Release|Any CPU.ActiveCfg = Release|Any CPU
		{86EA4E53-6462-431E-8CF6-8F685E090EEC}.Release|Any CPU.Build.0 = Release|Any CPU
	EndGlobalSection
	GlobalSection(SolutionProperties) = preSolution
		HideSolutionNode = FALSE
	EndGlobalSection
	GlobalSection(NestedProjects) = preSolution
		{BB7B8A81-FAA5-434A-B14A-F4C4CA859F78} = {E44760B8-2ACF-4AB8-9355-7035DCDB999D}
		{CA0C1939-1688-4E1A-BE27-5B627CD9D7EE} = {A2AE8225-48EA-4EDD-96F9-EEAD8208BF2E}
		{E44760B8-2ACF-4AB8-9355-7035DCDB999D} = {CA0C1939-1688-4E1A-BE27-5B627CD9D7EE}
		{D6100462-4AF7-4EBD-B57B-BBE07E3EAD00} = {CA0C1939-1688-4E1A-BE27-5B627CD9D7EE}
		{4255F631-D61B-4276-AF61-2750AE8F395D} = {E44760B8-2ACF-4AB8-9355-7035DCDB999D}
		{7021E3D1-8978-4AD3-9FEA-A6C961E79A11} = {E44760B8-2ACF-4AB8-9355-7035DCDB999D}
		{C8071AAC-1947-4F2F-8F33-BA0F66C0580F} = {D6100462-4AF7-4EBD-B57B-BBE07E3EAD00}
		{068BAEA8-1488-4EC3-BEC1-4B110FDF566A} = {D6100462-4AF7-4EBD-B57B-BBE07E3EAD00}
		{8C99747F-541A-4903-BB32-1A81B255756B} = {D6100462-4AF7-4EBD-B57B-BBE07E3EAD00}
		{A500C2CF-1B17-470E-982E-2AC1E53A4BE0} = {E44760B8-2ACF-4AB8-9355-7035DCDB999D}
		{0FA31CFC-2423-4FF4-ABF0-008DE4DBFC46} = {CA0C1939-1688-4E1A-BE27-5B627CD9D7EE}
		{BABB25CA-B488-4D62-ADB8-B72F8EBC7EF8} = {0FA31CFC-2423-4FF4-ABF0-008DE4DBFC46}
		{071B2A6D-DE1B-41F6-947A-38D227319DFA} = {0FA31CFC-2423-4FF4-ABF0-008DE4DBFC46}
		{B8BFAADC-6687-435F-8459-DEE88D05D0B2} = {0FA31CFC-2423-4FF4-ABF0-008DE4DBFC46}
		{53CA4064-FD12-40A4-9324-120CA78CF940} = {0FA31CFC-2423-4FF4-ABF0-008DE4DBFC46}
		{5F735769-8F76-4D42-886F-B2D12F873478} = {E44760B8-2ACF-4AB8-9355-7035DCDB999D}
		{86EA4E53-6462-431E-8CF6-8F685E090EEC} = {D6100462-4AF7-4EBD-B57B-BBE07E3EAD00}
	EndGlobalSection
	GlobalSection(ExtensibilityGlobals) = postSolution
		SolutionGuid = {A39CD281-2E81-4A6A-9AF6-192A14D1C7C2}
	EndGlobalSection
EndGlobal
